
Microsoft Visual Studio Solution File, Format Version 12.00
# Visual Studio Version 16
VisualStudioVersion = 16.0.31112.23
MinimumVisualStudioVersion = 10.0.40219.1
Project("{9A19103F-16F7-4668-BE54-9A1E7A4F7556}") = "cshargs", "cshargs.csproj", "{EEC14BFD-305F-434D-8765-0B765DEC3BE4}"
EndProject
Project("{9A19103F-16F7-4668-BE54-9A1E7A4F7556}") = "Tests-s11", "Tests-s11\Tests-s11.csproj", "{A81BFB91-9843-402A-A109-220ECD61F6F4}"
EndProject
Project("{9A19103F-16F7-4668-BE54-9A1E7A4F7556}") = "s14-api-testing", "Tests-s14\s14-api-testing.csproj", "{ABB41ECD-E17F-4A63-97F4-FFE97DE9E0E8}"
EndProject
Project("{FAE04EC0-301F-11D3-BF4B-00C04F79EFBC}") = "ExtensionProgram", "ExtensionProgram\ExtensionProgram.csproj", "{BC07EAE4-5A1D-421F-BB4E-3ACD755FCACC}"
EndProject
Global
	GlobalSection(SolutionConfigurationPlatforms) = preSolution
		Debug|Any CPU = Debug|Any CPU
		Release|Any CPU = Release|Any CPU
	EndGlobalSection
	GlobalSection(ProjectConfigurationPlatforms) = postSolution
		{EEC14BFD-305F-434D-8765-0B765DEC3BE4}.Debug|Any CPU.ActiveCfg = Debug|Any CPU
		{EEC14BFD-305F-434D-8765-0B765DEC3BE4}.Debug|Any CPU.Build.0 = Debug|Any CPU
		{EEC14BFD-305F-434D-8765-0B765DEC3BE4}.Release|Any CPU.ActiveCfg = Release|Any CPU
		{EEC14BFD-305F-434D-8765-0B765DEC3BE4}.Release|Any CPU.Build.0 = Release|Any CPU
		{A81BFB91-9843-402A-A109-220ECD61F6F4}.Debug|Any CPU.ActiveCfg = Debug|Any CPU
		{A81BFB91-9843-402A-A109-220ECD61F6F4}.Debug|Any CPU.Build.0 = Debug|Any CPU
		{A81BFB91-9843-402A-A109-220ECD61F6F4}.Release|Any CPU.ActiveCfg = Release|Any CPU
		{A81BFB91-9843-402A-A109-220ECD61F6F4}.Release|Any CPU.Build.0 = Release|Any CPU
		{ABB41ECD-E17F-4A63-97F4-FFE97DE9E0E8}.Debug|Any CPU.ActiveCfg = Debug|Any CPU
		{ABB41ECD-E17F-4A63-97F4-FFE97DE9E0E8}.Debug|Any CPU.Build.0 = Debug|Any CPU
		{ABB41ECD-E17F-4A63-97F4-FFE97DE9E0E8}.Release|Any CPU.ActiveCfg = Release|Any CPU
		{ABB41ECD-E17F-4A63-97F4-FFE97DE9E0E8}.Release|Any CPU.Build.0 = Release|Any CPU
		{BC07EAE4-5A1D-421F-BB4E-3ACD755FCACC}.Debug|Any CPU.ActiveCfg = Debug|Any CPU
		{BC07EAE4-5A1D-421F-BB4E-3ACD755FCACC}.Debug|Any CPU.Build.0 = Debug|Any CPU
		{BC07EAE4-5A1D-421F-BB4E-3ACD755FCACC}.Release|Any CPU.ActiveCfg = Release|Any CPU
		{BC07EAE4-5A1D-421F-BB4E-3ACD755FCACC}.Release|Any CPU.Build.0 = Release|Any CPU
	EndGlobalSection
	GlobalSection(SolutionProperties) = preSolution
		HideSolutionNode = FALSE
	EndGlobalSection
	GlobalSection(ExtensibilityGlobals) = postSolution
		SolutionGuid = {836F38CD-54C3-402C-914D-D46C9C68D60C}
	EndGlobalSection
EndGlobal
